
Microsoft Visual Studio Solution File, Format Version 12.00
# Visual Studio Version 17
VisualStudioVersion = 17.14.36401.2 d17.14
MinimumVisualStudioVersion = 10.0.40219.1
Project("{FAE04EC0-301F-11D3-BF4B-00C04F79EFBC}") = "Mastermind", "Mastermind.csproj", "{46E29067-E5C4-4FAE-9591-671DCFC2F4DB}"
EndProject
Global
	GlobalSection(SolutionConfigurationPlatforms) = preSolution
		Debug|Any CPU = Debug|Any CPU
		Release|Any CPU = Release|Any CPU
	EndGlobalSection
	GlobalSection(ProjectConfigurationPlatforms) = postSolution
		{46E29067-E5C4-4FAE-9591-671DCFC2F4DB}.Debug|Any CPU.ActiveCfg = Debug|Any CPU
		{46E29067-E5C4-4FAE-9591-671DCFC2F4DB}.Debug|Any CPU.Build.0 = Debug|Any CPU
		{46E29067-E5C4-4FAE-9591-671DCFC2F4DB}.Release|Any CPU.ActiveCfg = Release|Any CPU
		{46E29067-E5C4-4FAE-9591-671DCFC2F4DB}.Release|Any CPU.Build.0 = Release|Any CPU
	EndGlobalSection
	GlobalSection(SolutionProperties) = preSolution
		HideSolutionNode = FALSE
	EndGlobalSection
	GlobalSection(ExtensibilityGlobals) = postSolution
		SolutionGuid = {D3F5AFC3-3318-4D2C-86EE-DA54B177EFE0}
	EndGlobalSection
EndGlobal
